
Microsoft Visual Studio Solution File, Format Version 12.00
# Visual Studio 15
VisualStudioVersion = 15.0.26730.16
MinimumVisualStudioVersion = 10.0.40219.1
Project("{FAE04EC0-301F-11D3-BF4B-00C04F79EFBC}") = "CSharpsynatax", "CSharpsynatx\CSharpsynatax.csproj", "{585DDF30-ED07-4C7B-B2E4-28846CC8844C}"
EndProject
Global
	GlobalSection(SolutionConfigurationPlatforms) = preSolution
		Debug|Any CPU = Debug|Any CPU
		Release|Any CPU = Release|Any CPU
	EndGlobalSection
	GlobalSection(ProjectConfigurationPlatforms) = postSolution
		{585DDF30-ED07-4C7B-B2E4-28846CC8844C}.Debug|Any CPU.ActiveCfg = Debug|Any CPU
		{585DDF30-ED07-4C7B-B2E4-28846CC8844C}.Debug|Any CPU.Build.0 = Debug|Any CPU
		{585DDF30-ED07-4C7B-B2E4-28846CC8844C}.Release|Any CPU.ActiveCfg = Release|Any CPU
		{585DDF30-ED07-4C7B-B2E4-28846CC8844C}.Release|Any CPU.Build.0 = Release|Any CPU
	EndGlobalSection
	GlobalSection(SolutionProperties) = preSolution
		HideSolutionNode = FALSE
	EndGlobalSection
	GlobalSection(ExtensibilityGlobals) = postSolution
		SolutionGuid = {4DF85515-957C-47B7-B046-A3AC2A5EBA01}
	EndGlobalSection
EndGlobal
